// !$*UTF8*$!
{
	archiveVersion = 1;
	classes = {
	};
	objectVersion = 56;
	objects = {

/* Begin PBXBuildFile section */
		91D46229299AA361001604F5 /* MeDSApp.swift in Sources */ = {isa = PBXBuildFile; fileRef = 91D46228299AA361001604F5 /* MeDSApp.swift */; };
		91D4622B299AA361001604F5 /* ContentView.swift in Sources */ = {isa = PBXBuildFile; fileRef = 91D4622A299AA361001604F5 /* ContentView.swift */; };
		91D4622D299AA362001604F5 /* Assets.xcassets in Resources */ = {isa = PBXBuildFile; fileRef = 91D4622C299AA362001604F5 /* Assets.xcassets */; };
		91D46231299AA362001604F5 /* Preview Assets.xcassets in Resources */ = {isa = PBXBuildFile; fileRef = 91D46230299AA362001604F5 /* Preview Assets.xcassets */; };
		91D4623B299AA362001604F5 /* MeDSTests.swift in Sources */ = {isa = PBXBuildFile; fileRef = 91D4623A299AA362001604F5 /* MeDSTests.swift */; };
		91D46245299AA362001604F5 /* MeDSUITests.swift in Sources */ = {isa = PBXBuildFile; fileRef = 91D46244299AA362001604F5 /* MeDSUITests.swift */; };
		91D46247299AA362001604F5 /* MeDSUITestsLaunchTests.swift in Sources */ = {isa = PBXBuildFile; fileRef = 91D46246299AA362001604F5 /* MeDSUITestsLaunchTests.swift */; };
/* End PBXBuildFile section */

/* Begin PBXContainerItemProxy section */
		91D46237299AA362001604F5 /* PBXContainerItemProxy */ = {
			isa = PBXContainerItemProxy;
			containerPortal = 91D4621D299AA360001604F5 /* Project object */;
			proxyType = 1;
			remoteGlobalIDString = 91D46224299AA361001604F5;
			remoteInfo = MeDS;
		};
		91D46241299AA362001604F5 /* PBXContainerItemProxy */ = {
			isa = PBXContainerItemProxy;
			containerPortal = 91D4621D299AA360001604F5 /* Project object */;
			proxyType = 1;
			remoteGlobalIDString = 91D46224299AA361001604F5;
			remoteInfo = MeDS;
		};
/* End PBXContainerItemProxy section */

/* Begin PBXFileReference section */
		91D46225299AA361001604F5 /* MeDS.app */ = {isa = PBXFileReference; explicitFileType = wrapper.application; includeInIndex = 0; path = MeDS.app; sourceTree = BUILT_PRODUCTS_DIR; };
		91D46228299AA361001604F5 /* MeDSApp.swift */ = {isa = PBXFileReference; lastKnownFileType = sourcecode.swift; path = MeDSApp.swift; sourceTree = "<group>"; };
		91D4622A299AA361001604F5 /* ContentView.swift */ = {isa = PBXFileReference; lastKnownFileType = sourcecode.swift; path = ContentView.swift; sourceTree = "<group>"; };
		91D4622C299AA362001604F5 /* Assets.xcassets */ = {isa = PBXFileReference; lastKnownFileType = folder.assetcatalog; path = Assets.xcassets; sourceTree = "<group>"; };
		91D4622E299AA362001604F5 /* MeDS.entitlements */ = {isa = PBXFileReference; lastKnownFileType = text.plist.entitlements; path = MeDS.entitlements; sourceTree = "<group>"; };
		91D46230299AA362001604F5 /* Preview Assets.xcassets */ = {isa = PBXFileReference; lastKnownFileType = folder.assetcatalog; path = "Preview Assets.xcassets"; sourceTree = "<group>"; };
		91D46236299AA362001604F5 /* MeDSTests.xctest */ = {isa = PBXFileReference; explicitFileType = wrapper.cfbundle; includeInIndex = 0; path = MeDSTests.xctest; sourceTree = BUILT_PRODUCTS_DIR; };
		91D4623A299AA362001604F5 /* MeDSTests.swift */ = {isa = PBXFileReference; lastKnownFileType = sourcecode.swift; path = MeDSTests.swift; sourceTree = "<group>"; };
		91D46240299AA362001604F5 /* MeDSUITests.xctest */ = {isa = PBXFileReference; explicitFileType = wrapper.cfbundle; includeInIndex = 0; path = MeDSUITests.xctest; sourceTree = BUILT_PRODUCTS_DIR; };
		91D46244299AA362001604F5 /* MeDSUITests.swift */ = {isa = PBXFileReference; lastKnownFileType = sourcecode.swift; path = MeDSUITests.swift; sourceTree = "<group>"; };
		91D46246299AA362001604F5 /* MeDSUITestsLaunchTests.swift */ = {isa = PBXFileReference; lastKnownFileType = sourcecode.swift; path = MeDSUITestsLaunchTests.swift; sourceTree = "<group>"; };
/* End PBXFileReference section */

/* Begin PBXFrameworksBuildPhase section */
		91D46222299AA361001604F5 /* Frameworks */ = {
			isa = PBXFrameworksBuildPhase;
			buildActionMask = 2147483647;
			files = (
			);
			runOnlyForDeploymentPostprocessing = 0;
		};
		91D46233299AA362001604F5 /* Frameworks */ = {
			isa = PBXFrameworksBuildPhase;
			buildActionMask = 2147483647;
			files = (
			);
			runOnlyForDeploymentPostprocessing = 0;
		};
		91D4623D299AA362001604F5 /* Frameworks */ = {
			isa = PBXFrameworksBuildPhase;
			buildActionMask = 2147483647;
			files = (
			);
			runOnlyForDeploymentPostprocessing = 0;
		};
/* End PBXFrameworksBuildPhase section */

/* Begin PBXGroup section */
		91D4621C299AA360001604F5 = {
			isa = PBXGroup;
			children = (
				91D46227299AA361001604F5 /* MeDS */,
				91D46239299AA362001604F5 /* MeDSTests */,
				91D46243299AA362001604F5 /* MeDSUITests */,
				91D46226299AA361001604F5 /* Products */,
			);
			sourceTree = "<group>";
		};
		91D46226299AA361001604F5 /* Products */ = {
			isa = PBXGroup;
			children = (
				91D46225299AA361001604F5 /* MeDS.app */,
				91D46236299AA362001604F5 /* MeDSTests.xctest */,
				91D46240299AA362001604F5 /* MeDSUITests.xctest */,
			);
			name = Products;
			sourceTree = "<group>";
		};
		91D46227299AA361001604F5 /* MeDS */ = {
			isa = PBXGroup;
			children = (
				91D46228299AA361001604F5 /* MeDSApp.swift */,
				91D4622A299AA361001604F5 /* ContentView.swift */,
				91D4622C299AA362001604F5 /* Assets.xcassets */,
				91D4622E299AA362001604F5 /* MeDS.entitlements */,
				91D4622F299AA362001604F5 /* Preview Content */,
			);
			path = MeDS;
			sourceTree = "<group>";
		};
		91D4622F299AA362001604F5 /* Preview Content */ = {
			isa = PBXGroup;
			children = (
				91D46230299AA362001604F5 /* Preview Assets.xcassets */,
			);
			path = "Preview Content";
			sourceTree = "<group>";
		};
		91D46239299AA362001604F5 /* MeDSTests */ = {
			isa = PBXGroup;
			children = (
				91D4623A299AA362001604F5 /* MeDSTests.swift */,
			);
			path = MeDSTests;
			sourceTree = "<group>";
		};
		91D46243299AA362001604F5 /* MeDSUITests */ = {
			isa = PBXGroup;
			children = (
				91D46244299AA362001604F5 /* MeDSUITests.swift */,
				91D46246299AA362001604F5 /* MeDSUITestsLaunchTests.swift */,
			);
			path = MeDSUITests;
			sourceTree = "<group>";
		};
/* End PBXGroup section */

/* Begin PBXNativeTarget section */
		91D46224299AA361001604F5 /* MeDS */ = {
			isa = PBXNativeTarget;
			buildConfigurationList = 91D4624A299AA362001604F5 /* Build configuration list for PBXNativeTarget "MeDS" */;
			buildPhases = (
				91D46221299AA361001604F5 /* Sources */,
				91D46222299AA361001604F5 /* Frameworks */,
				91D46223299AA361001604F5 /* Resources */,
			);
			buildRules = (
			);
			dependencies = (
			);
			name = MeDS;
			productName = MeDS;
			productReference = 91D46225299AA361001604F5 /* MeDS.app */;
			productType = "com.apple.product-type.application";
		};
		91D46235299AA362001604F5 /* MeDSTests */ = {
			isa = PBXNativeTarget;
			buildConfigurationList = 91D4624D299AA362001604F5 /* Build configuration list for PBXNativeTarget "MeDSTests" */;
			buildPhases = (
				91D46232299AA362001604F5 /* Sources */,
				91D46233299AA362001604F5 /* Frameworks */,
				91D46234299AA362001604F5 /* Resources */,
			);
			buildRules = (
			);
			dependencies = (
				91D46238299AA362001604F5 /* PBXTargetDependency */,
			);
			name = MeDSTests;
			productName = MeDSTests;
			productReference = 91D46236299AA362001604F5 /* MeDSTests.xctest */;
			productType = "com.apple.product-type.bundle.unit-test";
		};
		91D4623F299AA362001604F5 /* MeDSUITests */ = {
			isa = PBXNativeTarget;
			buildConfigurationList = 91D46250299AA362001604F5 /* Build configuration list for PBXNativeTarget "MeDSUITests" */;
			buildPhases = (
				91D4623C299AA362001604F5 /* Sources */,
				91D4623D299AA362001604F5 /* Frameworks */,
				91D4623E299AA362001604F5 /* Resources */,
			);
			buildRules = (
			);
			dependencies = (
				91D46242299AA362001604F5 /* PBXTargetDependency */,
			);
			name = MeDSUITests;
			productName = MeDSUITests;
			productReference = 91D46240299AA362001604F5 /* MeDSUITests.xctest */;
			productType = "com.apple.product-type.bundle.ui-testing";
		};
/* End PBXNativeTarget section */

/* Begin PBXProject section */
		91D4621D299AA360001604F5 /* Project object */ = {
			isa = PBXProject;
			attributes = {
				BuildIndependentTargetsInParallel = 1;
				LastSwiftUpdateCheck = 1420;
				LastUpgradeCheck = 1420;
				TargetAttributes = {
					91D46224299AA361001604F5 = {
						CreatedOnToolsVersion = 14.2;
					};
					91D46235299AA362001604F5 = {
						CreatedOnToolsVersion = 14.2;
						TestTargetID = 91D46224299AA361001604F5;
					};
					91D4623F299AA362001604F5 = {
						CreatedOnToolsVersion = 14.2;
						TestTargetID = 91D46224299AA361001604F5;
					};
				};
			};
			buildConfigurationList = 91D46220299AA360001604F5 /* Build configuration list for PBXProject "MeDS" */;
			compatibilityVersion = "Xcode 14.0";
			developmentRegion = en;
			hasScannedForEncodings = 0;
			knownRegions = (
				en,
				Base,
			);
			mainGroup = 91D4621C299AA360001604F5;
			productRefGroup = 91D46226299AA361001604F5 /* Products */;
			projectDirPath = "";
			projectRoot = "";
			targets = (
				91D46224299AA361001604F5 /* MeDS */,
				91D46235299AA362001604F5 /* MeDSTests */,
				91D4623F299AA362001604F5 /* MeDSUITests */,
			);
		};
/* End PBXProject section */

/* Begin PBXResourcesBuildPhase section */
		91D46223299AA361001604F5 /* Resources */ = {
			isa = PBXResourcesBuildPhase;
			buildActionMask = 2147483647;
			files = (
				91D46231299AA362001604F5 /* Preview Assets.xcassets in Resources */,
				91D4622D299AA362001604F5 /* Assets.xcassets in Resources */,
			);
			runOnlyForDeploymentPostprocessing = 0;
		};
		91D46234299AA362001604F5 /* Resources */ = {
			isa = PBXResourcesBuildPhase;
			buildActionMask = 2147483647;
			files = (
			);
			runOnlyForDeploymentPostprocessing = 0;
		};
		91D4623E299AA362001604F5 /* Resources */ = {
			isa = PBXResourcesBuildPhase;
			buildActionMask = 2147483647;
			files = (
			);
			runOnlyForDeploymentPostprocessing = 0;
		};
/* End PBXResourcesBuildPhase section */

/* Begin PBXSourcesBuildPhase section */
		91D46221299AA361001604F5 /* Sources */ = {
			isa = PBXSourcesBuildPhase;
			buildActionMask = 2147483647;
			files = (
				91D4622B299AA361001604F5 /* ContentView.swift in Sources */,
				91D46229299AA361001604F5 /* MeDSApp.swift in Sources */,
			);
			runOnlyForDeploymentPostprocessing = 0;
		};
		91D46232299AA362001604F5 /* Sources */ = {
			isa = PBXSourcesBuildPhase;
			buildActionMask = 2147483647;
			files = (
				91D4623B299AA362001604F5 /* MeDSTests.swift in Sources */,
			);
			runOnlyForDeploymentPostprocessing = 0;
		};
		91D4623C299AA362001604F5 /* Sources */ = {
			isa = PBXSourcesBuildPhase;
			buildActionMask = 2147483647;
			files = (
				91D46245299AA362001604F5 /* MeDSUITests.swift in Sources */,
				91D46247299AA362001604F5 /* MeDSUITestsLaunchTests.swift in Sources */,
			);
			runOnlyForDeploymentPostprocessing = 0;
		};
/* End PBXSourcesBuildPhase section */

/* Begin PBXTargetDependency section */
		91D46238299AA362001604F5 /* PBXTargetDependency */ = {
			isa = PBXTargetDependency;
			target = 91D46224299AA361001604F5 /* MeDS */;
			targetProxy = 91D46237299AA362001604F5 /* PBXContainerItemProxy */;
		};
		91D46242299AA362001604F5 /* PBXTargetDependency */ = {
			isa = PBXTargetDependency;
			target = 91D46224299AA361001604F5 /* MeDS */;
			targetProxy = 91D46241299AA362001604F5 /* PBXContainerItemProxy */;
		};
/* End PBXTargetDependency section */

/* Begin XCBuildConfiguration section */
		91D46248299AA362001604F5 /* Debug */ = {
			isa = XCBuildConfiguration;
			buildSettings = {
				ALWAYS_SEARCH_USER_PATHS = NO;
				CLANG_ANALYZER_NONNULL = YES;
				CLANG_ANALYZER_NUMBER_OBJECT_CONVERSION = YES_AGGRESSIVE;
				CLANG_CXX_LANGUAGE_STANDARD = "gnu++20";
				CLANG_ENABLE_MODULES = YES;
				CLANG_ENABLE_OBJC_ARC = YES;
				CLANG_ENABLE_OBJC_WEAK = YES;
				CLANG_WARN_BLOCK_CAPTURE_AUTORELEASING = YES;
				CLANG_WARN_BOOL_CONVERSION = YES;
				CLANG_WARN_COMMA = YES;
				CLANG_WARN_CONSTANT_CONVERSION = YES;
				CLANG_WARN_DEPRECATED_OBJC_IMPLEMENTATIONS = YES;
				CLANG_WARN_DIRECT_OBJC_ISA_USAGE = YES_ERROR;
				CLANG_WARN_DOCUMENTATION_COMMENTS = YES;
				CLANG_WARN_EMPTY_BODY = YES;
				CLANG_WARN_ENUM_CONVERSION = YES;
				CLANG_WARN_INFINITE_RECURSION = YES;
				CLANG_WARN_INT_CONVERSION = YES;
				CLANG_WARN_NON_LITERAL_NULL_CONVERSION = YES;
				CLANG_WARN_OBJC_IMPLICIT_RETAIN_SELF = YES;
				CLANG_WARN_OBJC_LITERAL_CONVERSION = YES;
				CLANG_WARN_OBJC_ROOT_CLASS = YES_ERROR;
				CLANG_WARN_QUOTED_INCLUDE_IN_FRAMEWORK_HEADER = YES;
				CLANG_WARN_RANGE_LOOP_ANALYSIS = YES;
				CLANG_WARN_STRICT_PROTOTYPES = YES;
				CLANG_WARN_SUSPICIOUS_MOVE = YES;
				CLANG_WARN_UNGUARDED_AVAILABILITY = YES_AGGRESSIVE;
				CLANG_WARN_UNREACHABLE_CODE = YES;
				CLANG_WARN__DUPLICATE_METHOD_MATCH = YES;
				COPY_PHASE_STRIP = NO;
				DEBUG_INFORMATION_FORMAT = dwarf;
				ENABLE_STRICT_OBJC_MSGSEND = YES;
				ENABLE_TESTABILITY = YES;
				GCC_C_LANGUAGE_STANDARD = gnu11;
				GCC_DYNAMIC_NO_PIC = NO;
				GCC_NO_COMMON_BLOCKS = YES;
				GCC_OPTIMIZATION_LEVEL = 0;
				GCC_PREPROCESSOR_DEFINITIONS = (
					"DEBUG=1",
					"$(inherited)",
				);
				GCC_WARN_64_TO_32_BIT_CONVERSION = YES;
				GCC_WARN_ABOUT_RETURN_TYPE = YES_ERROR;
				GCC_WARN_UNDECLARED_SELECTOR = YES;
				GCC_WARN_UNINITIALIZED_AUTOS = YES_AGGRESSIVE;
				GCC_WARN_UNUSED_FUNCTION = YES;
				GCC_WARN_UNUSED_VARIABLE = YES;
				MTL_ENABLE_DEBUG_INFO = INCLUDE_SOURCE;
				MTL_FAST_MATH = YES;
				ONLY_ACTIVE_ARCH = YES;
				SWIFT_ACTIVE_COMPILATION_CONDITIONS = DEBUG;
				SWIFT_OPTIMIZATION_LEVEL = "-Onone";
			};
			name = Debug;
		};
		91D46249299AA362001604F5 /* Release */ = {
			isa = XCBuildConfiguration;
			buildSettings = {
				ALWAYS_SEARCH_USER_PATHS = NO;
				CLANG_ANALYZER_NONNULL = YES;
				CLANG_ANALYZER_NUMBER_OBJECT_CONVERSION = YES_AGGRESSIVE;
				CLANG_CXX_LANGUAGE_STANDARD = "gnu++20";
				CLANG_ENABLE_MODULES = YES;
				CLANG_ENABLE_OBJC_ARC = YES;
				CLANG_ENABLE_OBJC_WEAK = YES;
				CLANG_WARN_BLOCK_CAPTURE_AUTORELEASING = YES;
				CLANG_WARN_BOOL_CONVERSION = YES;
				CLANG_WARN_COMMA = YES;
				CLANG_WARN_CONSTANT_CONVERSION = YES;
				CLANG_WARN_DEPRECATED_OBJC_IMPLEMENTATIONS = YES;
				CLANG_WARN_DIRECT_OBJC_ISA_USAGE = YES_ERROR;
				CLANG_WARN_DOCUMENTATION_COMMENTS = YES;
				CLANG_WARN_EMPTY_BODY = YES;
				CLANG_WARN_ENUM_CONVERSION = YES;
				CLANG_WARN_INFINITE_RECURSION = YES;
				CLANG_WARN_INT_CONVERSION = YES;
				CLANG_WARN_NON_LITERAL_NULL_CONVERSION = YES;
				CLANG_WARN_OBJC_IMPLICIT_RETAIN_SELF = YES;
				CLANG_WARN_OBJC_LITERAL_CONVERSION = YES;
				CLANG_WARN_OBJC_ROOT_CLASS = YES_ERROR;
				CLANG_WARN_QUOTED_INCLUDE_IN_FRAMEWORK_HEADER = YES;
				CLANG_WARN_RANGE_LOOP_ANALYSIS = YES;
				CLANG_WARN_STRICT_PROTOTYPES = YES;
				CLANG_WARN_SUSPICIOUS_MOVE = YES;
				CLANG_WARN_UNGUARDED_AVAILABILITY = YES_AGGRESSIVE;
				CLANG_WARN_UNREACHABLE_CODE = YES;
				CLANG_WARN__DUPLICATE_METHOD_MATCH = YES;
				COPY_PHASE_STRIP = NO;
				DEBUG_INFORMATION_FORMAT = "dwarf-with-dsym";
				ENABLE_NS_ASSERTIONS = NO;
				ENABLE_STRICT_OBJC_MSGSEND = YES;
				GCC_C_LANGUAGE_STANDARD = gnu11;
				GCC_NO_COMMON_BLOCKS = YES;
				GCC_WARN_64_TO_32_BIT_CONVERSION = YES;
				GCC_WARN_ABOUT_RETURN_TYPE = YES_ERROR;
				GCC_WARN_UNDECLARED_SELECTOR = YES;
				GCC_WARN_UNINITIALIZED_AUTOS = YES_AGGRESSIVE;
				GCC_WARN_UNUSED_FUNCTION = YES;
				GCC_WARN_UNUSED_VARIABLE = YES;
				MTL_ENABLE_DEBUG_INFO = NO;
				MTL_FAST_MATH = YES;
				SWIFT_COMPILATION_MODE = wholemodule;
				SWIFT_OPTIMIZATION_LEVEL = "-O";
			};
			name = Release;
		};
		91D4624B299AA362001604F5 /* Debug */ = {
			isa = XCBuildConfiguration;
			buildSettings = {
				ASSETCATALOG_COMPILER_APPICON_NAME = AppIcon;
				ASSETCATALOG_COMPILER_GLOBAL_ACCENT_COLOR_NAME = AccentColor;
				CODE_SIGN_ENTITLEMENTS = MeDS/MeDS.entitlements;
				CODE_SIGN_STYLE = Automatic;
				CURRENT_PROJECT_VERSION = 1;
				DEVELOPMENT_ASSET_PATHS = "\"MeDS/Preview Content\"";
				DEVELOPMENT_TEAM = R2YE8J8AVT;
				ENABLE_HARDENED_RUNTIME = YES;
				ENABLE_PREVIEWS = YES;
				GENERATE_INFOPLIST_FILE = YES;
				"INFOPLIST_KEY_UIApplicationSceneManifest_Generation[sdk=iphoneos*]" = YES;
				"INFOPLIST_KEY_UIApplicationSceneManifest_Generation[sdk=iphonesimulator*]" = YES;
				"INFOPLIST_KEY_UIApplicationSupportsIndirectInputEvents[sdk=iphoneos*]" = YES;
				"INFOPLIST_KEY_UIApplicationSupportsIndirectInputEvents[sdk=iphonesimulator*]" = YES;
				"INFOPLIST_KEY_UILaunchScreen_Generation[sdk=iphoneos*]" = YES;
				"INFOPLIST_KEY_UILaunchScreen_Generation[sdk=iphonesimulator*]" = YES;
				"INFOPLIST_KEY_UIStatusBarStyle[sdk=iphoneos*]" = UIStatusBarStyleDefault;
				"INFOPLIST_KEY_UIStatusBarStyle[sdk=iphonesimulator*]" = UIStatusBarStyleDefault;
				INFOPLIST_KEY_UISupportedInterfaceOrientations_iPad = "UIInterfaceOrientationPortrait UIInterfaceOrientationPortraitUpsideDown UIInterfaceOrientationLandscapeLeft UIInterfaceOrientationLandscapeRight";
				INFOPLIST_KEY_UISupportedInterfaceOrientations_iPhone = "UIInterfaceOrientationPortrait UIInterfaceOrientationLandscapeLeft UIInterfaceOrientationLandscapeRight";
				IPHONEOS_DEPLOYMENT_TARGET = 16.2;
				LD_RUNPATH_SEARCH_PATHS = "@executable_path/Frameworks";
				"LD_RUNPATH_SEARCH_PATHS[sdk=macosx*]" = "@executable_path/../Frameworks";
				MACOSX_DEPLOYMENT_TARGET = 12.5;
				MARKETING_VERSION = 1.0;
				PRODUCT_BUNDLE_IDENTIFIER = "Senior-Design.MeDS";
				PRODUCT_NAME = "$(TARGET_NAME)";
				SDKROOT = auto;
				SUPPORTED_PLATFORMS = "iphoneos iphonesimulator macosx";
				SWIFT_EMIT_LOC_STRINGS = YES;
				SWIFT_VERSION = 5.0;
				TARGETED_DEVICE_FAMILY = "1,2";
			};
			name = Debug;
		};
		91D4624C299AA362001604F5 /* Release */ = {
			isa = XCBuildConfiguration;
			buildSettings = {
				ASSETCATALOG_COMPILER_APPICON_NAME = AppIcon;
				ASSETCATALOG_COMPILER_GLOBAL_ACCENT_COLOR_NAME = AccentColor;
				CODE_SIGN_ENTITLEMENTS = MeDS/MeDS.entitlements;
				CODE_SIGN_STYLE = Automatic;
				CURRENT_PROJECT_VERSION = 1;
				DEVELOPMENT_ASSET_PATHS = "\"MeDS/Preview Content\"";
				DEVELOPMENT_TEAM = R2YE8J8AVT;
				ENABLE_HARDENED_RUNTIME = YES;
				ENABLE_PREVIEWS = YES;
				GENERATE_INFOPLIST_FILE = YES;
				"INFOPLIST_KEY_UIApplicationSceneManifest_Generation[sdk=iphoneos*]" = YES;
				"INFOPLIST_KEY_UIApplicationSceneManifest_Generation[sdk=iphonesimulator*]" = YES;
				"INFOPLIST_KEY_UIApplicationSupportsIndirectInputEvents[sdk=iphoneos*]" = YES;
				"INFOPLIST_KEY_UIApplicationSupportsIndirectInputEvents[sdk=iphonesimulator*]" = YES;
				"INFOPLIST_KEY_UILaunchScreen_Generation[sdk=iphoneos*]" = YES;
				"INFOPLIST_KEY_UILaunchScreen_Generation[sdk=iphonesimulator*]" = YES;
				"INFOPLIST_KEY_UIStatusBarStyle[sdk=iphoneos*]" = UIStatusBarStyleDefault;
				"INFOPLIST_KEY_UIStatusBarStyle[sdk=iphonesimulator*]" = UIStatusBarStyleDefault;
				INFOPLIST_KEY_UISupportedInterfaceOrientations_iPad = "UIInterfaceOrientationPortrait UIInterfaceOrientationPortraitUpsideDown UIInterfaceOrientationLandscapeLeft UIInterfaceOrientationLandscapeRight";
				INFOPLIST_KEY_UISupportedInterfaceOrientations_iPhone = "UIInterfaceOrientationPortrait UIInterfaceOrientationLandscapeLeft UIInterfaceOrientationLandscapeRight";
				IPHONEOS_DEPLOYMENT_TARGET = 16.2;
				LD_RUNPATH_SEARCH_PATHS = "@executable_path/Frameworks";
				"LD_RUNPATH_SEARCH_PATHS[sdk=macosx*]" = "@executable_path/../Frameworks";
				MACOSX_DEPLOYMENT_TARGET = 12.5;
				MARKETING_VERSION = 1.0;
				PRODUCT_BUNDLE_IDENTIFIER = "Senior-Design.MeDS";
				PRODUCT_NAME = "$(TARGET_NAME)";
				SDKROOT = auto;
				SUPPORTED_PLATFORMS = "iphoneos iphonesimulator macosx";
				SWIFT_EMIT_LOC_STRINGS = YES;
				SWIFT_VERSION = 5.0;
				TARGETED_DEVICE_FAMILY = "1,2";
			};
			name = Release;
		};
		91D4624E299AA362001604F5 /* Debug */ = {
			isa = XCBuildConfiguration;
			buildSettings = {
				ALWAYS_EMBED_SWIFT_STANDARD_LIBRARIES = YES;
				BUNDLE_LOADER = "$(TEST_HOST)";
				CODE_SIGN_STYLE = Automatic;
				CURRENT_PROJECT_VERSION = 1;
				DEVELOPMENT_TEAM = R2YE8J8AVT;
				GENERATE_INFOPLIST_FILE = YES;
				IPHONEOS_DEPLOYMENT_TARGET = 16.2;
				MACOSX_DEPLOYMENT_TARGET = 12.5;
				MARKETING_VERSION = 1.0;
				PRODUCT_BUNDLE_IDENTIFIER = "Senior-Design.MeDSTests";
				PRODUCT_NAME = "$(TARGET_NAME)";
				SDKROOT = auto;
				SUPPORTED_PLATFORMS = "iphoneos iphonesimulator macosx";
				SWIFT_EMIT_LOC_STRINGS = NO;
				SWIFT_VERSION = 5.0;
				TARGETED_DEVICE_FAMILY = "1,2";
				TEST_HOST = "$(BUILT_PRODUCTS_DIR)/MeDS.app/$(BUNDLE_EXECUTABLE_FOLDER_PATH)/MeDS";
			};
			name = Debug;
		};
		91D4624F299AA362001604F5 /* Release */ = {
			isa = XCBuildConfiguration;
			buildSettings = {
				ALWAYS_EMBED_SWIFT_STANDARD_LIBRARIES = YES;
				BUNDLE_LOADER = "$(TEST_HOST)";
				CODE_SIGN_STYLE = Automatic;
				CURRENT_PROJECT_VERSION = 1;
				DEVELOPMENT_TEAM = R2YE8J8AVT;
				GENERATE_INFOPLIST_FILE = YES;
				IPHONEOS_DEPLOYMENT_TARGET = 16.2;
				MACOSX_DEPLOYMENT_TARGET = 12.5;
				MARKETING_VERSION = 1.0;
				PRODUCT_BUNDLE_IDENTIFIER = "Senior-Design.MeDSTests";
				PRODUCT_NAME = "$(TARGET_NAME)";
				SDKROOT = auto;
				SUPPORTED_PLATFORMS = "iphoneos iphonesimulator macosx";
				SWIFT_EMIT_LOC_STRINGS = NO;
				SWIFT_VERSION = 5.0;
				TARGETED_DEVICE_FAMILY = "1,2";
				TEST_HOST = "$(BUILT_PRODUCTS_DIR)/MeDS.app/$(BUNDLE_EXECUTABLE_FOLDER_PATH)/MeDS";
			};
			name = Release;
		};
		91D46251299AA362001604F5 /* Debug */ = {
			isa = XCBuildConfiguration;
			buildSettings = {
				ALWAYS_EMBED_SWIFT_STANDARD_LIBRARIES = YES;
				CODE_SIGN_STYLE = Automatic;
				CURRENT_PROJECT_VERSION = 1;
				DEVELOPMENT_TEAM = R2YE8J8AVT;
				GENERATE_INFOPLIST_FILE = YES;
				IPHONEOS_DEPLOYMENT_TARGET = 16.2;
				MACOSX_DEPLOYMENT_TARGET = 12.5;
				MARKETING_VERSION = 1.0;
				PRODUCT_BUNDLE_IDENTIFIER = "Senior-Design.MeDSUITests";
				PRODUCT_NAME = "$(TARGET_NAME)";
				SDKROOT = auto;
				SUPPORTED_PLATFORMS = "iphoneos iphonesimulator macosx";
				SWIFT_EMIT_LOC_STRINGS = NO;
				SWIFT_VERSION = 5.0;
				TARGETED_DEVICE_FAMILY = "1,2";
				TEST_TARGET_NAME = MeDS;
			};
			name = Debug;
		};
		91D46252299AA362001604F5 /* Release */ = {
			isa = XCBuildConfiguration;
			buildSettings = {
				ALWAYS_EMBED_SWIFT_STANDARD_LIBRARIES = YES;
				CODE_SIGN_STYLE = Automatic;
				CURRENT_PROJECT_VERSION = 1;
				DEVELOPMENT_TEAM = R2YE8J8AVT;
				GENERATE_INFOPLIST_FILE = YES;
				IPHONEOS_DEPLOYMENT_TARGET = 16.2;
				MACOSX_DEPLOYMENT_TARGET = 12.5;
				MARKETING_VERSION = 1.0;
				PRODUCT_BUNDLE_IDENTIFIER = "Senior-Design.MeDSUITests";
				PRODUCT_NAME = "$(TARGET_NAME)";
				SDKROOT = auto;
				SUPPORTED_PLATFORMS = "iphoneos iphonesimulator macosx";
				SWIFT_EMIT_LOC_STRINGS = NO;
				SWIFT_VERSION = 5.0;
				TARGETED_DEVICE_FAMILY = "1,2";
				TEST_TARGET_NAME = MeDS;
			};
			name = Release;
		};
/* End XCBuildConfiguration section */

/* Begin XCConfigurationList section */
		91D46220299AA360001604F5 /* Build configuration list for PBXProject "MeDS" */ = {
			isa = XCConfigurationList;
			buildConfigurations = (
				91D46248299AA362001604F5 /* Debug */,
				91D46249299AA362001604F5 /* Release */,
			);
			defaultConfigurationIsVisible = 0;
			defaultConfigurationName = Release;
		};
		91D4624A299AA362001604F5 /* Build configuration list for PBXNativeTarget "MeDS" */ = {
			isa = XCConfigurationList;
			buildConfigurations = (
				91D4624B299AA362001604F5 /* Debug */,
				91D4624C299AA362001604F5 /* Release */,
			);
			defaultConfigurationIsVisible = 0;
			defaultConfigurationName = Release;
		};
		91D4624D299AA362001604F5 /* Build configuration list for PBXNativeTarget "MeDSTests" */ = {
			isa = XCConfigurationList;
			buildConfigurations = (
				91D4624E299AA362001604F5 /* Debug */,
				91D4624F299AA362001604F5 /* Release */,
			);
			defaultConfigurationIsVisible = 0;
			defaultConfigurationName = Release;
		};
		91D46250299AA362001604F5 /* Build configuration list for PBXNativeTarget "MeDSUITests" */ = {
			isa = XCConfigurationList;
			buildConfigurations = (
				91D46251299AA362001604F5 /* Debug */,
				91D46252299AA362001604F5 /* Release */,
			);
			defaultConfigurationIsVisible = 0;
			defaultConfigurationName = Release;
		};
/* End XCConfigurationList section */
	};
	rootObject = 91D4621D299AA360001604F5 /* Project object */;
}
